version = 1
revision = 3
requires-python = ">=3.14"

[[package]]
name = "boto3"
version = "1.43.36"
source = { registry = "https://pypi.org/simple" }
dependencies = [
    { name = "botocore" },
    { name = "jmespath" },
    { name = "s3transfer" },
]
sdist = { url = "https://files.pythonhosted.org/packages/ff/9f/897287e955db0f50b12fd69ef45956e4fd2c7ddb48c736872f7ea2314443/boto3-1.43.36.tar.gz", hash = "sha256:587d7ee92a12e440ad12b0e7f11f3358f0c4d65b19f64726efc94aaf194aff28", size = 112690, upload-time = "2026-06-23T02:47:14.561Z" }
wheels = [
    { url = "https://files.pythonhosted.org/packages/9f/f1/274303f52483ecf199eae6f8d9b6f5951670397ee4d72c06cfd4eb644612/boto3-1.43.36-py3-none-any.whl", hash = "sha256:42942dde254673abcbc9e6e60017c88341a4f49d99d24e1f2e290fb38138c26f", size = 140031, upload-time = "2026-06-23T02:47:13.178Z" },
]

[[package]]
name = "botocore"
version = "1.43.36"
source = { registry = "https://pypi.org/simple" }
dependencies = [
    { name = "jmespath" },
    { name = "python-dateutil" },
    { name = "urllib3" },
]
sdist = { url = "https://files.pythonhosted.org/packages/7c/37/da9e7f6ca73ac73afd7f0bb7f238aa5daba35c081e98d7f48a7c399599c0/botocore-1.43.36.tar.gz", hash = "sha256:4cae47d1b2d426316b85a0087d9e69e048f13bc003b5177d74639fe9dfd28205", size = 15625488, upload-time = "2026-06-23T02:47:03.192Z" }
wheels = [
    { url = "https://files.pythonhosted.org/packages/5c/19/934f81592527a3f7f9b943c893e334c721a4644948642bc33885d584e9ec/botocore-1.43.36-py3-none-any.whl", hash = "sha256:3c65fdc39ed01d8dfde1e961b34038aed03c459f8ddf80717a12ac006475e49d", size = 15313630, upload-time = "2026-06-23T02:46:59.327Z" },
]

[[package]]
name = "fire"
version = "0.7.1"
source = { registry = "https://pypi.org/simple" }
dependencies = [
    { name = "termcolor" },
]
sdist = { url = "https://files.pythonhosted.org/packages/c0/00/f8d10588d2019d6d6452653def1ee807353b21983db48550318424b5ff18/fire-0.7.1.tar.gz", hash = "sha256:3b208f05c736de98fb343310d090dcc4d8c78b2a89ea4f32b837c586270a9cbf", size = 88720, upload-time = "2025-08-16T20:20:24.175Z" }
wheels = [
    { url = "https://files.pythonhosted.org/packages/e5/4c/93d0f85318da65923e4b91c1c2ff03d8a458cbefebe3bc612a6693c7906d/fire-0.7.1-py3-none-any.whl", hash = "sha256:e43fd8a5033a9001e7e2973bab96070694b9f12f2e0ecf96d4683971b5ab1882", size = 115945, upload-time = "2025-08-16T20:20:22.87Z" },
]

[[package]]
name = "jmespath"
version = "1.1.0"
source = { registry = "https://pypi.org/simple" }
sdist = { url = "https://files.pythonhosted.org/packages/d3/59/322338183ecda247fb5d1763a6cbe46eff7222eaeebafd9fa65d4bf5cb11/jmespath-1.1.0.tar.gz", hash = "sha256:472c87d80f36026ae83c6ddd0f1d05d4e510134ed462851fd5f754c8c3cbb88d", size = 27377, upload-time = "2026-01-22T16:35:26.279Z" }
wheels = [
    { url = "https://files.pythonhosted.org/packages/14/2f/967ba146e6d58cf6a652da73885f52fc68001525b4197effc174321d70b4/jmespath-1.1.0-py3-none-any.whl", hash = "sha256:a5663118de4908c91729bea0acadca56526eb2698e83de10cd116ae0f4e97c64", size = 20419, upload-time = "2026-01-22T16:35:24.919Z" },
]

[[package]]
name = "ocr"
version = "0.1.0"
source = { editable = "." }
dependencies = [
    { name = "boto3" },
    { name = "fire" },
    { name = "structlog" },
]

[package.dev-dependencies]
dev = [
    { name = "ruff" },
    { name = "ty" },
]

[package.metadata]
requires-dist = [
    { name = "boto3", specifier = ">=1.43.36" },
    { name = "fire", specifier = ">=0.7.1" },
    { name = "structlog", specifier = ">=26.1.0" },
]

[package.metadata.requires-dev]
dev = [
    { name = "ruff", specifier = ">=0.15.19" },
    { name = "ty", specifier = ">=0.0.52" },
]

[[package]]
name = "python-dateutil"
version = "2.9.0.post0"
source = { registry = "https://pypi.org/simple" }
dependencies = [
    { name = "six" },
]
sdist = { url = "https://files.pythonhosted.org/packages/66/c0/0c8b6ad9f17a802ee498c46e004a0eb49bc148f2fd230864601a86dcf6db/python-dateutil-2.9.0.post0.tar.gz", hash = "sha256:37dd54208da7e1cd875388217d5e00ebd4179249f90fb72437e91a35459a0ad3", size = 342432, upload-time = "2024-03-01T18:36:20.211Z" }
wheels = [
    { url = "https://files.pythonhosted.org/packages/ec/57/56b9bcc3c9c6a792fcbaf139543cee77261f3651ca9da0c93f5c1221264b/python_dateutil-2.9.0.post0-py2.py3-none-any.whl", hash = "sha256:a8b2bc7bffae282281c8140a97d3aa9c14da0b136dfe83f850eea9a5f7470427", size = 229892, upload-time = "2024-03-01T18:36:18.57Z" },
]

[[package]]
name = "ruff"
version = "0.15.19"
source = { registry = "https://pypi.org/simple" }
sdist = { url = "https://files.pythonhosted.org/packages/d5/e6/15800dfde183a1a106594016c912b4c12d050a301989d1aca6cb63759fe8/ruff-0.15.19.tar.gz", hash = "sha256:edc27f7172a93b32b102687009d6a588508815072141543ae603a8b9b0823063", size = 4772071, upload-time = "2026-06-24T01:10:46.942Z" }
wheels = [
    { url = "https://files.pythonhosted.org/packages/88/4c/9ded7626c39a0440c575bf69e2bf500d443388272c842662c59852ee7fcd/ruff-0.15.19-py3-none-linux_armv6l.whl", hash = "sha256:922d1eb283161564759bd49f507e91dc6112c15da8bd5b84ed714e086243cf86", size = 10950859, upload-time = "2026-06-24T01:10:38.491Z" },
    { url = "https://files.pythonhosted.org/packages/fb/ef/c211505ece1d00ef493d58e54e3b6383c946a21e9874774eb531f2512cf3/ruff-0.15.19-py3-none-macosx_10_12_x86_64.whl", hash = "sha256:4d190d8f62a0b94aba8f721116538a9ee29b1e74d26650846ba9b99f0ae21c40", size = 11294529, upload-time = "2026-06-24T01:10:36.481Z" },
    { url = "https://files.pythonhosted.org/packages/fe/93/78d462e7d39968e58094dc57be7d09ffb14ce37da5b68ed70338a35a1f21/ruff-0.15.19-py3-none-macosx_11_0_arm64.whl", hash = "sha256:5a2c86ba6870dd415a9d9eb8be94d7924ebec6a26ffc7958ec7ca29d4bff967d", size = 10641416, upload-time = "2026-06-24T01:10:48.923Z" },
    { url = "https://files.pythonhosted.org/packages/76/c4/5cb66cfd1f865d5cca908b86c93ac785e7f572193d3c7426079ca6643e24/ruff-0.15.19-py3-none-manylinux_2_17_aarch64.manylinux2014_aarch64.whl", hash = "sha256:82b432bc087264aea70fd25ac198918b70bd9e2aa0db4297b0bb91bbfbbc63ce", size = 11015582, upload-time = "2026-06-24T01:10:30.089Z" },
    { url = "https://files.pythonhosted.org/packages/51/9f/8ecfaec10cf5eecd28fbc00ff4fb867db90a1be54bf3d39ebf93f893cd52/ruff-0.15.19-py3-none-manylinux_2_17_armv7l.manylinux2014_armv7l.whl", hash = "sha256:8530a09d03b3a8c994f8b559a7dcdabc690bcd3f78ef276c38c83166798ebf56", size = 10744059, upload-time = "2026-06-24T01:10:32.48Z" },
    { url = "https://files.pythonhosted.org/packages/35/6b/983249d04562bc2d590edd75f32455cdb473affb3ba4bc8d883e939c697d/ruff-0.15.19-py3-none-manylinux_2_17_i686.manylinux2014_i686.whl", hash = "sha256:87bf21fb3875fe69f0eacc825411657e2e85589cce633c35c0adf1113649c62b", size = 11568461, upload-time = "2026-06-24T01:10:17.435Z" },
    { url = "https://files.pythonhosted.org/packages/eb/39/bc7794f127b18f492a3b4ee82bba5a900c985ff13b72b46f46e3c171ba34/ruff-0.15.19-py3-none-manylinux_2_17_ppc64le.manylinux2014_ppc64le.whl", hash = "sha256:f9b229cb3ef56ecc2c1c8ebeca64b7a7740ccaef40a9eb097e78dde5a8560b83", size = 12429690, upload-time = "2026-06-24T01:10:40.638Z" },
    { url = "https://files.pythonhosted.org/packages/0a/3b/0de6859e698ed11c8a49e765196c8d333599b6a546c0715df39b6ba1aa2e/ruff-0.15.19-py3-none-manylinux_2_17_s390x.manylinux2014_s390x.whl", hash = "sha256:c6c754515be7b76afe6e7e62df7776709571bcfc1631183828afcf3bafa869e3", size = 11693067, upload-time = "2026-06-24T01:10:25.681Z" },
    { url = "https://files.pythonhosted.org/packages/89/3d/0b1f30f84bee9ae6ae8d349c2ba8b6f4b040966744efdd3acc804ae7c024/ruff-0.15.19-py3-none-manylinux_2_17_x86_64.manylinux2014_x86_64.whl", hash = "sha256:6a498f82e0f4d8904c4e0aea5139cdfac1f39d19a3c51d491292f63a36e83b2e", size = 11616911, upload-time = "2026-06-24T01:10:44.809Z" },
    { url = "https://files.pythonhosted.org/packages/4d/eb/c90bd3dfc12eed9032c2c1bfe05105b93a1b2c8bce555db6308315b853ce/ruff-0.15.19-py3-none-manylinux_2_31_riscv64.whl", hash = "sha256:d48caa34488fb521fd0ef4aea2b0e8fe758298df044138f0d67b687a6a0d07ed", size = 11649343, upload-time = "2026-06-24T01:10:23.472Z" },
    { url = "https://files.pythonhosted.org/packages/82/91/01caa13602a2f12fae5edbe8caf78b3c1e6db1293132aee6959eecce095c/ruff-0.15.19-py3-none-musllinux_1_2_aarch64.whl", hash = "sha256:4171b6613effa9363cd46dd4f75bd1827b6d1b946b5e278ed0c600d305379445", size = 10977610, upload-time = "2026-06-24T01:10:50.892Z" },
    { url = "https://files.pythonhosted.org/packages/3c/51/acb817922feab9ecbb3201377d4dbe7a25f1395e46545820061973f03468/ruff-0.15.19-py3-none-musllinux_1_2_armv7l.whl", hash = "sha256:27c15b2a241dd4d995557949a094fe78b8ad99122a38ccae1595849bcc947b3f", size = 10744900, upload-time = "2026-06-24T01:10:42.726Z" },
    { url = "https://files.pythonhosted.org/packages/84/bc/5c8ca46b8a7a3f2b16cfbec88721d772b1c93912904e8f8c2e49470fea63/ruff-0.15.19-py3-none-musllinux_1_2_i686.whl", hash = "sha256:ed03b7862d68f0a8771d50ee129980cbf1b113f96e250b73954bc292f689e0bb", size = 11293560, upload-time = "2026-06-24T01:10:21.262Z" },
    { url = "https://files.pythonhosted.org/packages/81/e0/4a888cbe4d5523b3f77a2b1fa043f46cfeba1b32eac35dcfadee0578fa8a/ruff-0.15.19-py3-none-musllinux_1_2_x86_64.whl", hash = "sha256:08143f0685ae278b30727ea72e90c61e5bd9c31b91aac4f5bb989538f73d24b8", size = 11696533, upload-time = "2026-06-24T01:10:53.046Z" },
    { url = "https://files.pythonhosted.org/packages/98/43/c34b2fcd79262a85161764a97aaca89c3e4f574340ab61430cefa2bdd2c1/ruff-0.15.19-py3-none-win32.whl", hash = "sha256:8f47f0f92952af2557212bb10cf3e695cd4cf28b2c6e42cdb18ec6c9ebfa19da", size = 10986299, upload-time = "2026-06-24T01:10:55.185Z" },
    { url = "https://files.pythonhosted.org/packages/22/e8/15fd23e02b2442b56b2026b455977bc3057aa34b26e6323d1e99e8531a9f/ruff-0.15.19-py3-none-win_amd64.whl", hash = "sha256:efeca47ee3f9d4a7162655a3b8e6ee4a878646044233978d4d2c1ff8cdd914f0", size = 12123473, upload-time = "2026-06-24T01:10:27.74Z" },
    { url = "https://files.pythonhosted.org/packages/30/66/9a73695e31eaee04f35d8475998bf8ab354465f9c638936d76111603dcc5/ruff-0.15.19-py3-none-win_arm64.whl", hash = "sha256:6c6b607466e47349332eb1d9be52fb1467423fc07c217341af41cd0f3f0573be", size = 11376779, upload-time = "2026-06-24T01:10:34.465Z" },
]

[[package]]
name = "s3transfer"
version = "0.19.0"
source = { registry = "https://pypi.org/simple" }
dependencies = [
    { name = "botocore" },
]
sdist = { url = "https://files.pythonhosted.org/packages/f6/94/dcdaeb1713cab9c84def276cfac7388b17c7d9855bbcfe88d77e4dbafd44/s3transfer-0.19.0.tar.gz", hash = "sha256:ce436931687addc4c1712d52d40b32f53e88315723f107ffa20ba82b05a0f685", size = 165171, upload-time = "2026-06-16T19:44:51.599Z" }
wheels = [
    { url = "https://files.pythonhosted.org/packages/46/5f/4c174edad94f82de888ac00a5ddd8d07b35609b6c94f0bdf4d74af57703e/s3transfer-0.19.0-py3-none-any.whl", hash = "sha256:777cc2415536f1debadb5c2ef7779275d0fc0fe0e042411cdd6caebeb2685262", size = 90101, upload-time = "2026-06-16T19:44:50.439Z" },
]

[[package]]
name = "six"
version = "1.17.0"
source = { registry = "https://pypi.org/simple" }
sdist = { url = "https://files.pythonhosted.org/packages/94/e7/b2c673351809dca68a0e064b6af791aa332cf192da575fd474ed7d6f16a2/six-1.17.0.tar.gz", hash = "sha256:ff70335d468e7eb6ec65b95b99d3a2836546063f63acc5171de367e834932a81", size = 34031, upload-time = "2024-12-04T17:35:28.174Z" }
wheels = [
    { url = "https://files.pythonhosted.org/packages/b7/ce/149a00dd41f10bc29e5921b496af8b574d8413afcd5e30dfa0ed46c2cc5e/six-1.17.0-py2.py3-none-any.whl", hash = "sha256:4721f391ed90541fddacab5acf947aa0d3dc7d27b2e1e8eda2be8970586c3274", size = 11050, upload-time = "2024-12-04T17:35:26.475Z" },
]

[[package]]
name = "structlog"
version = "26.1.0"
source = { registry = "https://pypi.org/simple" }
sdist = { url = "https://files.pythonhosted.org/packages/5e/89/b4a0bcfdf4f71a3dea31379f095929613d7e4528a0996bca6aa964cd0dca/structlog-26.1.0.tar.gz", hash = "sha256:f63a716cbd1b1291cf7661de7794b455acfa4c43c5bcf1630e6ad5ddc1adb3b7", size = 1459881, upload-time = "2026-06-06T07:33:39.348Z" }
wheels = [
    { url = "https://files.pythonhosted.org/packages/a9/18/489c97b834dfff9cf2fc2507cede4bcd4b11e67f84bc462acd1992496f86/structlog-26.1.0-py3-none-any.whl", hash = "sha256:e081a26d6c373e6d201eca24eede26d8ffab07f88f477822e679183428d3d91e", size = 73764, upload-time = "2026-06-06T07:33:38.046Z" },
]

[[package]]
name = "termcolor"
version = "3.3.0"
source = { registry = "https://pypi.org/simple" }
sdist = { url = "https://files.pythonhosted.org/packages/46/79/cf31d7a93a8fdc6aa0fbb665be84426a8c5a557d9240b6239e9e11e35fc5/termcolor-3.3.0.tar.gz", hash = "sha256:348871ca648ec6a9a983a13ab626c0acce02f515b9e1983332b17af7979521c5", size = 14434, upload-time = "2025-12-29T12:55:21.882Z" }
wheels = [
    { url = "https://files.pythonhosted.org/packages/33/d1/8bb87d21e9aeb323cc03034f5eaf2c8f69841e40e4853c2627edf8111ed3/termcolor-3.3.0-py3-none-any.whl", hash = "sha256:cf642efadaf0a8ebbbf4bc7a31cec2f9b5f21a9f726f4ccbb08192c9c26f43a5", size = 7734, upload-time = "2025-12-29T12:55:20.718Z" },
]

[[package]]
name = "ty"
version = "0.0.52"
source = { registry = "https://pypi.org/simple" }
sdist = { url = "https://files.pythonhosted.org/packages/5d/84/4417eb08328dcc547bf407d20af5e45ec8c64a85470f388fc2d590c9200a/ty-0.0.52.tar.gz", hash = "sha256:f1191175429fea917f96f79a57773eb6e57b861ee97e9ad2d77cc7538f0f284b", size = 5973710, upload-time = "2026-06-23T01:43:31.906Z" }
wheels = [
    { url = "https://files.pythonhosted.org/packages/22/8f/ba97090625c824bdb2ddac4e22e9f3568c6e5e20e75923daa49ff5254648/ty-0.0.52-py3-none-linux_armv6l.whl", hash = "sha256:5e9403d3b5c5067cef06e29f33e842b095a71479314e38e4aa5e0afe7940e4eb", size = 11956857, upload-time = "2026-06-23T01:42:43.935Z" },
    { url = "https://files.pythonhosted.org/packages/6e/d2/d8ed189611c658e567a2d267f088d5b1128ae6c80e4f40b29552679fd9e1/ty-0.0.52-py3-none-macosx_10_12_x86_64.whl", hash = "sha256:397971af92f63fd1ab244ded9f07e6a13834cf2299a53db19f20ff3076ec5998", size = 11745925, upload-time = "2026-06-23T01:42:47.85Z" },
    { url = "https://files.pythonhosted.org/packages/19/19/db06dd15512bf8e589f2bd92ddfe77a656185801e800cd73f99f12d86305/ty-0.0.52-py3-none-macosx_11_0_arm64.whl", hash = "sha256:3857ba38d5caa55be5a028c1dfda00a50fe9688a776455983f7e6f75783675e0", size = 11090262, upload-time = "2026-06-23T01:42:50.351Z" },
    { url = "https://files.pythonhosted.org/packages/c2/9a/15d3b77ad5e03b802266920bd406a321ac86be88ddbf7db058003559ccad/ty-0.0.52-py3-none-manylinux_2_17_aarch64.manylinux2014_aarch64.whl", hash = "sha256:bdb6b21947ab96cacf15384f245609439d117abfd67479d9dd9e193fc3c88332", size = 11634345, upload-time = "2026-06-23T01:42:53.164Z" },
    { url = "https://files.pythonhosted.org/packages/75/4e/a32b72b11f02e6aeda01ffa8459a6dfa3582cb1555212dc38485c36b44b0/ty-0.0.52-py3-none-manylinux_2_17_armv7l.manylinux2014_armv7l.whl", hash = "sha256:c3acdcb7be88e2248c9ac3210fd21a7bf708ccf65365712ff860d6d2a5794295", size = 11741270, upload-time = "2026-06-23T01:42:55.996Z" },
    { url = "https://files.pythonhosted.org/packages/c6/e0/c2f4de96c2cb25ee74fc41b6bfb80f64b6f90d4e77580454860ee81dde19/ty-0.0.52-py3-none-manylinux_2_17_i686.manylinux2014_i686.whl", hash = "sha256:186302513a72816f5253e32768a2c2f416fbc250079e1404ab6d758b963c402b", size = 12249540, upload-time = "2026-06-23T01:42:58.697Z" },
    { url = "https://files.pythonhosted.org/packages/c8/01/77d45372342983c98c1f3b26b4a8ea7139cb10b26820f0f6b37a298c9fa1/ty-0.0.52-py3-none-manylinux_2_17_ppc64le.manylinux2014_ppc64le.whl", hash = "sha256:02ee1083e9fd1a8c221eaa1e7018d4bac40e7b8a9f06db724757491b2948857a", size = 12822873, upload-time = "2026-06-23T01:43:01.57Z" },
    { url = "https://files.pythonhosted.org/packages/1c/09/9bdb394da75cefd41498c86a1f357b7f319368122ac8943d457f28f02609/ty-0.0.52-py3-none-manylinux_2_17_s390x.manylinux2014_s390x.whl", hash = "sha256:83cadaa3efdb3860d24eb45ee3103da0c9a4f7be73c089984e9df095545b9da5", size = 12441154, upload-time = "2026-06-23T01:43:04.129Z" },
    { url = "https://files.pythonhosted.org/packages/ea/07/969dce9b75fdfad9cad3aeae484761e57882b92a6e3d0fe8951b9427846b/ty-0.0.52-py3-none-manylinux_2_17_x86_64.manylinux2014_x86_64.whl", hash = "sha256:680738fdfdce72df8be1a213df9ed87add63e1e7705a7927bd360150cd4d749e", size = 12301402, upload-time = "2026-06-23T01:43:06.978Z" },
    { url = "https://files.pythonhosted.org/packages/0b/66/a6fc838efc21c5303d83fd1ccf2b8f0e551b8b3426c54513ea1b1499b1b9/ty-0.0.52-py3-none-manylinux_2_31_riscv64.whl", hash = "sha256:30bbe8390a4e58003f181d52c2b3e50facf6b83491c8638f9136a5b8a5a7d931", size = 12507384, upload-time = "2026-06-23T01:43:09.693Z" },
    { url = "https://files.pythonhosted.org/packages/c5/38/eb2c8c17ae3a022e5e1ca187afa5cc03fe0cc40d6dfb5404e6941c98f7af/ty-0.0.52-py3-none-musllinux_1_2_aarch64.whl", hash = "sha256:77c8699e796d37534243ea8ac54ac7f64690bf787e2894cb3be18c16ff6fc53c", size = 11600728, upload-time = "2026-06-23T01:43:12.236Z" },
    { url = "https://files.pythonhosted.org/packages/ce/3a/9f25321f6a173021bc728d158cd9e30c5ee28b62f4a20421fca3ebf3f6a5/ty-0.0.52-py3-none-musllinux_1_2_armv7l.whl", hash = "sha256:ef5c3f6e2cf649773382b9843227b62d689a0179ec1d0366159c349990ceaeb9", size = 11765676, upload-time = "2026-06-23T01:43:14.922Z" },
    { url = "https://files.pythonhosted.org/packages/fc/96/2790300be5bca3bedaa7eb143c26d02b9188685bbf9b9a6bae79e4566085/ty-0.0.52-py3-none-musllinux_1_2_i686.whl", hash = "sha256:dba4c4ee5e1b33c5ad6c965042101d09804b352a3b1482f3ad7b32ad78c22dd4", size = 11886884, upload-time = "2026-06-23T01:43:17.608Z" },
    { url = "https://files.pythonhosted.org/packages/74/06/c098d9422d297cccd27f6a8f5cf5e7eff857b62a89b4549bad9dd0759365/ty-0.0.52-py3-none-musllinux_1_2_x86_64.whl", hash = "sha256:3e2b06401af954515403f0b2bbe382ca74f09bf2993e7b64fc3c1ad96fde7948", size = 12401990, upload-time = "2026-06-23T01:43:20.267Z" },
    { url = "https://files.pythonhosted.org/packages/5c/c9/34b771d0581fbfd0dde89f869af597b3907c7e5c59439005f59f6671c7d5/ty-0.0.52-py3-none-win32.whl", hash = "sha256:6347248c640f0d71ba9c4fe5de941ec7e3df167008bdda5c2cf795055045f266", size = 11247464, upload-time = "2026-06-23T01:43:23.36Z" },
    { url = "https://files.pythonhosted.org/packages/33/b1/0c381ac39d85a885d4e2841173e9a88bf190b4f7cf7d15afd4a1d7e8c715/ty-0.0.52-py3-none-win_amd64.whl", hash = "sha256:57150a68abfea2ec4727647b26f136850695972a650587f44a4b98fc9d4a1096", size = 12385753, upload-time = "2026-06-23T01:43:26.479Z" },
    { url = "https://files.pythonhosted.org/packages/fb/1f/2744053d80ca1b350817dbf41286bac9c95491cfa437c0cc923feaf3522b/ty-0.0.52-py3-none-win_arm64.whl", hash = "sha256:c669df56e41c99ea53405191da0fd65cbcb9bb7162c676ef6f45e480c6a7da6e", size = 11695815, upload-time = "2026-06-23T01:43:29.465Z" },
]

[[package]]
name = "urllib3"
version = "2.7.0"
source = { registry = "https://pypi.org/simple" }
sdist = { url = "https://files.pythonhosted.org/packages/53/0c/06f8b233b8fd13b9e5ee11424ef85419ba0d8ba0b3138bf360be2ff56953/urllib3-2.7.0.tar.gz", hash = "sha256:231e0ec3b63ceb14667c67be60f2f2c40a518cb38b03af60abc813da26505f4c", size = 433602, upload-time = "2026-05-07T16:13:18.596Z" }
wheels = [
    { url = "https://files.pythonhosted.org/packages/7f/3e/5db95bcf282c52709639744ca2a8b149baccf648e39c8cc87553df9eae0c/urllib3-2.7.0-py3-none-any.whl", hash = "sha256:9fb4c81ebbb1ce9531cce37674bbc6f1360472bc18ca9a553ede278ef7276897", size = 131087, upload-time = "2026-05-07T16:13:17.151Z" },
]
